
Microsoft Visual Studio Solution File, Format Version 12.00
# Visual Studio Version 17
VisualStudioVersion = 17.6.33723.286
MinimumVisualStudioVersion = 10.0.40219.1
Project("{2150E333-8FDC-42A3-9474-1A3956D46DE8}") = "Services", "Services", "{A44A8FC6-C3E3-4677-868F-AF3E3047F7D3}"
EndProject
Project("{2150E333-8FDC-42A3-9474-1A3956D46DE8}") = "Report", "Report", "{AD695F78-3D77-4579-958C-C60F1A87DD17}"
EndProject
Project("{2150E333-8FDC-42A3-9474-1A3956D46DE8}") = "Shared", "Shared", "{33941B85-7270-438D-9495-AD44974590D3}"
EndProject
Project("{9A19103F-16F7-4668-BE54-9A1E7A4F7556}") = "AkilliSayac.Shared", "Shared\AkilliSayac.Shared\AkilliSayac.Shared.csproj", "{BF6498A8-4161-4FA8-96E1-63692BB91568}"
EndProject
Project("{2150E333-8FDC-42A3-9474-1A3956D46DE8}") = "IdentityServer", "IdentityServer", "{1DBAC1A7-73AC-4618-9614-8E144B9A1725}"
EndProject
Project("{9A19103F-16F7-4668-BE54-9A1E7A4F7556}") = "AkilliSayac.IdentityServer", "IdentityServer\AkilliSayac.IdentityServer\AkilliSayac.IdentityServer.csproj", "{8DB5D329-D053-4CAC-BAC0-4CAAF4639C7D}"
EndProject
Project("{9A19103F-16F7-4668-BE54-9A1E7A4F7556}") = "AkilliSayac.Services.Report", "Services\Report\AkilliSayac.Services.Report\AkilliSayac.Services.Report.csproj", "{D4A8335E-ECF9-46FE-B6ED-992D08D19B07}"
EndProject
Project("{2150E333-8FDC-42A3-9474-1A3956D46DE8}") = "Solution Items", "Solution Items", "{FA10E4BD-8FE3-447D-A120-18EF7D4113B6}"
	ProjectSection(SolutionItems) = preProject
		Port.txt = Port.txt
	EndProjectSection
EndProject
Project("{2150E333-8FDC-42A3-9474-1A3956D46DE8}") = "Counter", "Counter", "{AC6621D4-7E52-42D6-A827-A63A90548C0D}"
EndProject
Project("{FAE04EC0-301F-11D3-BF4B-00C04F79EFBC}") = "AkilliSayac.Services.Counter", "Services\Counter\AkilliSayac.Services.Counter\AkilliSayac.Services.Counter.csproj", "{A4C63E75-9EC8-451E-82E8-581D0E527A5D}"
EndProject
Project("{2150E333-8FDC-42A3-9474-1A3956D46DE8}") = "Gateways", "Gateways", "{84461715-7A2C-49DB-B995-DC964544FDD4}"
EndProject
Project("{FAE04EC0-301F-11D3-BF4B-00C04F79EFBC}") = "AkilliSayac.Gateway", "AkilliSayac.Gateway\AkilliSayac.Gateway.csproj", "{C8F50FED-3BBB-4CDE-9987-215577D25269}"
EndProject
Project("{2150E333-8FDC-42A3-9474-1A3956D46DE8}") = "Frontends", "Frontends", "{82DA3A44-8E1D-41B1-85ED-C7532BA5BDE0}"
EndProject
Project("{FAE04EC0-301F-11D3-BF4B-00C04F79EFBC}") = "AkilliSayac.Web", "Frontends\AkilliSayac.Web\AkilliSayac.Web.csproj", "{85E350D0-6E3A-4CFD-9371-4C8D0846D08D}"
EndProject
Global
	GlobalSection(SolutionConfigurationPlatforms) = preSolution
		Debug|Any CPU = Debug|Any CPU
		Release|Any CPU = Release|Any CPU
	EndGlobalSection
	GlobalSection(ProjectConfigurationPlatforms) = postSolution
		{BF6498A8-4161-4FA8-96E1-63692BB91568}.Debug|Any CPU.ActiveCfg = Debug|Any CPU
		{BF6498A8-4161-4FA8-96E1-63692BB91568}.Debug|Any CPU.Build.0 = Debug|Any CPU
		{BF6498A8-4161-4FA8-96E1-63692BB91568}.Release|Any CPU.ActiveCfg = Release|Any CPU
		{BF6498A8-4161-4FA8-96E1-63692BB91568}.Release|Any CPU.Build.0 = Release|Any CPU
		{8DB5D329-D053-4CAC-BAC0-4CAAF4639C7D}.Debug|Any CPU.ActiveCfg = Debug|Any CPU
		{8DB5D329-D053-4CAC-BAC0-4CAAF4639C7D}.Debug|Any CPU.Build.0 = Debug|Any CPU
		{8DB5D329-D053-4CAC-BAC0-4CAAF4639C7D}.Release|Any CPU.ActiveCfg = Release|Any CPU
		{8DB5D329-D053-4CAC-BAC0-4CAAF4639C7D}.Release|Any CPU.Build.0 = Release|Any CPU
		{D4A8335E-ECF9-46FE-B6ED-992D08D19B07}.Debug|Any CPU.ActiveCfg = Debug|Any CPU
		{D4A8335E-ECF9-46FE-B6ED-992D08D19B07}.Debug|Any CPU.Build.0 = Debug|Any CPU
		{D4A8335E-ECF9-46FE-B6ED-992D08D19B07}.Release|Any CPU.ActiveCfg = Release|Any CPU
		{D4A8335E-ECF9-46FE-B6ED-992D08D19B07}.Release|Any CPU.Build.0 = Release|Any CPU
		{A4C63E75-9EC8-451E-82E8-581D0E527A5D}.Debug|Any CPU.ActiveCfg = Debug|Any CPU
		{A4C63E75-9EC8-451E-82E8-581D0E527A5D}.Debug|Any CPU.Build.0 = Debug|Any CPU
		{A4C63E75-9EC8-451E-82E8-581D0E527A5D}.Release|Any CPU.ActiveCfg = Release|Any CPU
		{A4C63E75-9EC8-451E-82E8-581D0E527A5D}.Release|Any CPU.Build.0 = Release|Any CPU
		{C8F50FED-3BBB-4CDE-9987-215577D25269}.Debug|Any CPU.ActiveCfg = Debug|Any CPU
		{C8F50FED-3BBB-4CDE-9987-215577D25269}.Debug|Any CPU.Build.0 = Debug|Any CPU
		{C8F50FED-3BBB-4CDE-9987-215577D25269}.Release|Any CPU.ActiveCfg = Release|Any CPU
		{C8F50FED-3BBB-4CDE-9987-215577D25269}.Release|Any CPU.Build.0 = Release|Any CPU
		{85E350D0-6E3A-4CFD-9371-4C8D0846D08D}.Debug|Any CPU.ActiveCfg = Debug|Any CPU
		{85E350D0-6E3A-4CFD-9371-4C8D0846D08D}.Debug|Any CPU.Build.0 = Debug|Any CPU
		{85E350D0-6E3A-4CFD-9371-4C8D0846D08D}.Release|Any CPU.ActiveCfg = Release|Any CPU
		{85E350D0-6E3A-4CFD-9371-4C8D0846D08D}.Release|Any CPU.Build.0 = Release|Any CPU
	EndGlobalSection
	GlobalSection(SolutionProperties) = preSolution
		HideSolutionNode = FALSE
	EndGlobalSection
	GlobalSection(NestedProjects) = preSolution
		{AD695F78-3D77-4579-958C-C60F1A87DD17} = {A44A8FC6-C3E3-4677-868F-AF3E3047F7D3}
		{BF6498A8-4161-4FA8-96E1-63692BB91568} = {33941B85-7270-438D-9495-AD44974590D3}
		{8DB5D329-D053-4CAC-BAC0-4CAAF4639C7D} = {1DBAC1A7-73AC-4618-9614-8E144B9A1725}
		{D4A8335E-ECF9-46FE-B6ED-992D08D19B07} = {AD695F78-3D77-4579-958C-C60F1A87DD17}
		{AC6621D4-7E52-42D6-A827-A63A90548C0D} = {A44A8FC6-C3E3-4677-868F-AF3E3047F7D3}
		{A4C63E75-9EC8-451E-82E8-581D0E527A5D} = {AC6621D4-7E52-42D6-A827-A63A90548C0D}
		{C8F50FED-3BBB-4CDE-9987-215577D25269} = {84461715-7A2C-49DB-B995-DC964544FDD4}
		{85E350D0-6E3A-4CFD-9371-4C8D0846D08D} = {82DA3A44-8E1D-41B1-85ED-C7532BA5BDE0}
	EndGlobalSection
	GlobalSection(ExtensibilityGlobals) = postSolution
		SolutionGuid = {395B69F6-CC1B-4BDB-BA5B-CC73D5EB7CFE}
	EndGlobalSection
EndGlobal
